<?xml version="1.0" encoding="utf-8"?>
<Project ToolsVersion="4.0" xmlns="http://schemas.microsoft.com/developer/msbuild/2003">
  <ItemGroup>
    <Filter Include="Source Files">
      <UniqueIdentifier>{4FC737F1-C7A5-4376-A066-2A32D752A2FF}</UniqueIdentifier>
      <Extensions>cpp;c;cc;cxx;c++;cppm;ixx;def;odl;idl;hpj;bat;asm;asmx</Extensions>
    </Filter>
    <Filter Include="Header Files">
      <UniqueIdentifier>{93995380-89BD-4b04-88EB-625FBE52EBFB}</UniqueIdentifier>
      <Extensions>h;hh;hpp;hxx;h++;hm;inl;inc;ipp;xsd</Extensions>
    </Filter>
    <Filter Include="Resource Files">
      <UniqueIdentifier>{67DA6AB6-F800-4c08-8B7A-83BB121AAD01}</UniqueIdentifier>
      <Extensions>rc;ico;cur;bmp;dlg;rc2;rct;bin;rgs;gif;jpg;jpeg;jpe;resx;tiff;tif;png;wav;mfcribbon-ms</Extensions>
    </Filter>
    <Filter Include="Header Files\System">
      <UniqueIdentifier>{e63abbfb-aaad-4b94-8f95-204abe3d490b}</UniqueIdentifier>
    </Filter>
    <Filter Include="Header Files\Player">
      <UniqueIdentifier>{47697f41-c4c7-40ec-bd71-de1291573041}</UniqueIdentifier>
    </Filter>
    <Filter Include="Header Files\Enemy">
      <UniqueIdentifier>{37474437-e523-451e-a601-cdae077ff8b5}</UniqueIdentifier>
    </Filter>
    <Filter Include="Header Files\OtherObj">
      <UniqueIdentifier>{b5fc293a-c591-46fb-b5b8-98c781fa5ae5}</UniqueIdentifier>
    </Filter>
    <Filter Include="Source Files\System">
      <UniqueIdentifier>{dce15ad0-38da-4ebf-b4e6-b50e4d3fea83}</UniqueIdentifier>
    </Filter>
    <Filter Include="Source Files\Enemy">
      <UniqueIdentifier>{46a69e1e-adfd-4570-a9d8-9d3f4ad6b1db}</UniqueIdentifier>
    </Filter>
    <Filter Include="Source Files\Player">
      <UniqueIdentifier>{fe6bb8e3-dbf4-463e-91d4-dd70a0bf0df1}</UniqueIdentifier>
    </Filter>
    <Filter Include="Source Files\OtherObj">
      <UniqueIdentifier>{77e3cbde-df3d-4e92-9efc-6997792fdcf4}</UniqueIdentifier>
    </Filter>
    <Filter Include="Header Files\Event_Buffer">
      <UniqueIdentifier>{4de27295-4212-45ac-a135-83fdc33da32f}</UniqueIdentifier>
    </Filter>
  </ItemGroup>
  <ItemGroup>
    <ClInclude Include="Animations.h">
      <Filter>Header Files\System</Filter>
    </ClInclude>
    <ClInclude Include="Camera.h">
      <Filter>Header Files\System</Filter>
    </ClInclude>
    <ClInclude Include="Game.h">
      <Filter>Header Files\System</Filter>
    </ClInclude>
    <ClInclude Include="GameObject.h">
      <Filter>Header Files\System</Filter>
    </ClInclude>
    <ClInclude Include="KeyEventHandler.h">
      <Filter>Header Files\System</Filter>
    </ClInclude>
    <ClInclude Include="Map.h">
      <Filter>Header Files\System</Filter>
    </ClInclude>
    <ClInclude Include="PlayScene.h">
      <Filter>Header Files\System</Filter>
    </ClInclude>
    <ClInclude Include="Textures.h">
      <Filter>Header Files\System</Filter>
    </ClInclude>
    <ClInclude Include="Utils.h">
      <Filter>Header Files\System</Filter>
    </ClInclude>
    <ClInclude Include="Scene.h">
      <Filter>Header Files\System</Filter>
    </ClInclude>
    <ClInclude Include="QuadTree.h">
      <Filter>Header Files\System</Filter>
    </ClInclude>
    <ClInclude Include="Eye.h">
      <Filter>Header Files\Enemy</Filter>
    </ClInclude>
    <ClInclude Include="Koopas.h">
      <Filter>Header Files\Enemy</Filter>
    </ClInclude>
    <ClInclude Include="Brick.h">
      <Filter>Header Files\OtherObj</Filter>
    </ClInclude>
    <ClInclude Include="Portal.h">
      <Filter>Header Files\OtherObj</Filter>
    </ClInclude>
    <ClInclude Include="Sprites.h">
      <Filter>Header Files\System</Filter>
    </ClInclude>
    <ClInclude Include="Interrupt.h">
      <Filter>Header Files\Enemy</Filter>
    </ClInclude>
    <ClInclude Include="CBallbot.h">
      <Filter>Header Files\Enemy</Filter>
    </ClInclude>
    <ClInclude Include="CDrap.h">
      <Filter>Header Files\Enemy</Filter>
    </ClInclude>
    <ClInclude Include="CGX680.h">
      <Filter>Header Files\Enemy</Filter>
    </ClInclude>
    <ClInclude Include="CGX680S.h">
      <Filter>Header Files\Enemy</Filter>
    </ClInclude>
    <ClInclude Include="CLaserGuard.h">
      <Filter>Header Files\Enemy</Filter>
    </ClInclude>
    <ClInclude Include="CStuka.h">
      <Filter>Header Files\Enemy</Filter>
    </ClInclude>
    <ClInclude Include="Eyelet.h">
      <Filter>Header Files\Enemy</Filter>
    </ClInclude>
    <ClInclude Include="CBallCarry.h">
      <Filter>Header Files\Enemy</Filter>
    </ClInclude>
    <ClInclude Include="MapObj.h">
      <Filter>Header Files\System</Filter>
    </ClInclude>
    <ClInclude Include="CTANKBULLET.h">
      <Filter>Header Files\OtherObj</Filter>
    </ClInclude>
    <ClInclude Include="CINTERRUPT_BULLET.h">
      <Filter>Header Files\OtherObj</Filter>
    </ClInclude>
    <ClInclude Include="CREDWORM.h">
      <Filter>Header Files\Enemy</Filter>
    </ClInclude>
    <ClInclude Include="CTANKWHEELS.h">
      <Filter>Header Files\Player</Filter>
    </ClInclude>
    <ClInclude Include="SOPHIA.h">
      <Filter>Header Files\Player</Filter>
    </ClInclude>
    <ClInclude Include="TANKBODY.h">
      <Filter>Header Files\Player</Filter>
    </ClInclude>
    <ClInclude Include="DF.h">
      <Filter>Header Files\OtherObj</Filter>
    </ClInclude>
    <ClInclude Include="TANKTURRET.h">
      <Filter>Header Files\Player</Filter>
    </ClInclude>
    <ClInclude Include="CEvenType1.h">
      <Filter>Header Files\Event_Buffer</Filter>
    </ClInclude>
    <ClInclude Include="EFFECT.h">
      <Filter>Header Files\OtherObj</Filter>
    </ClInclude>
  </ItemGroup>
  <ItemGroup>
    <ClCompile Include="Animations.cpp">
      <Filter>Source Files\System</Filter>
    </ClCompile>
    <ClCompile Include="Camera.cpp">
      <Filter>Source Files\System</Filter>
    </ClCompile>
    <ClCompile Include="Game.cpp">
      <Filter>Source Files\System</Filter>
    </ClCompile>
    <ClCompile Include="GameObject.cpp">
      <Filter>Source Files\System</Filter>
    </ClCompile>
    <ClCompile Include="main.cpp">
      <Filter>Source Files\System</Filter>
    </ClCompile>
    <ClCompile Include="Map.cpp">
      <Filter>Source Files\System</Filter>
    </ClCompile>
    <ClCompile Include="PlayScene.cpp">
      <Filter>Source Files\System</Filter>
    </ClCompile>
    <ClCompile Include="Portal.cpp">
      <Filter>Source Files\System</Filter>
    </ClCompile>
    <ClCompile Include="QuadTree.cpp">
      <Filter>Source Files\System</Filter>
    </ClCompile>
    <ClCompile Include="Scene.cpp">
      <Filter>Source Files\System</Filter>
    </ClCompile>
    <ClCompile Include="Sprites.cpp">
      <Filter>Source Files\System</Filter>
    </ClCompile>
    <ClCompile Include="Textures.cpp">
      <Filter>Source Files\System</Filter>
    </ClCompile>
    <ClCompile Include="Utils.cpp">
      <Filter>Source Files\System</Filter>
    </ClCompile>
    <ClCompile Include="Eye.cpp">
      <Filter>Source Files\Enemy</Filter>
    </ClCompile>
    <ClCompile Include="Koopas.cpp">
      <Filter>Source Files\Enemy</Filter>
    </ClCompile>
    <ClCompile Include="Brick.cpp">
      <Filter>Source Files\OtherObj</Filter>
    </ClCompile>
    <ClCompile Include="CBallbot.cpp">
      <Filter>Source Files\Enemy</Filter>
    </ClCompile>
    <ClCompile Include="CDrap.cpp">
      <Filter>Source Files\Enemy</Filter>
    </ClCompile>
    <ClCompile Include="CGX680.cpp">
      <Filter>Source Files\Enemy</Filter>
    </ClCompile>
    <ClCompile Include="CGX680S.cpp">
      <Filter>Source Files\Enemy</Filter>
    </ClCompile>
    <ClCompile Include="CLaserGuard.cpp">
      <Filter>Source Files\Enemy</Filter>
    </ClCompile>
    <ClCompile Include="CStuka.cpp">
      <Filter>Source Files\Enemy</Filter>
    </ClCompile>
    <ClCompile Include="Eyelet.cpp">
      <Filter>Source Files\Enemy</Filter>
    </ClCompile>
    <ClCompile Include="Interrupt.cpp">
      <Filter>Source Files\Enemy</Filter>
    </ClCompile>
    <ClCompile Include="CBallCarry.cpp">
      <Filter>Source Files\Enemy</Filter>
    </ClCompile>
    <ClCompile Include="MapObj.cpp">
      <Filter>Source Files\System</Filter>
    </ClCompile>
    <ClCompile Include="CTANKBULLET.cpp">
      <Filter>Source Files\OtherObj</Filter>
    </ClCompile>
    <ClCompile Include="CINTERRUPT_BULLET.cpp">
      <Filter>Source Files\OtherObj</Filter>
    </ClCompile>
    <ClCompile Include="CREDWORM.cpp">
      <Filter>Source Files\Enemy</Filter>
    </ClCompile>
    <ClCompile Include="CTANKWHEELS.cpp">
      <Filter>Source Files\Player</Filter>
    </ClCompile>
    <ClCompile Include="SOPHIA.cpp">
      <Filter>Source Files\Player</Filter>
    </ClCompile>
    <ClCompile Include="TANKBODY.cpp">
      <Filter>Source Files\Player</Filter>
    </ClCompile>
    <ClCompile Include="TANKTURRET.cpp">
      <Filter>Source Files\Player</Filter>
    </ClCompile>
    <ClCompile Include="EFFECT.cpp">
      <Filter>Source Files\OtherObj</Filter>
    </ClCompile>
  </ItemGroup>
</Project>